
Microsoft Visual Studio Solution File, Format Version 12.00
# Visual Studio Version 17
VisualStudioVersion = 17.14.36511.14
MinimumVisualStudioVersion = 10.0.40219.1
Project("{FAE04EC0-301F-11D3-BF4B-00C04F79EFBC}") = "VpnHood.ResourceTranslator", "VpnHood.ResourceTranslator\VpnHood.ResourceTranslator.csproj", "{6F6A196A-775A-48D4-BFD6-149E0D6B99AA}"
EndProject
Project("{2150E333-8FDC-42A3-9474-1A3956D46DE8}") = "Solution Items", "Solution Items", "{02EA681E-C7D8-13C7-8484-4AC65E1B71E8}"
	ProjectSection(SolutionItems) = preProject
		.editorconfig = .editorconfig
		README.md = README.md
	EndProjectSection
EndProject
Project("{FAE04EC0-301F-11D3-BF4B-00C04F79EFBC}") = "VpnHood.ResourceTranslator.Test", "VpnHood.ResourceTranslator.Test\VpnHood.ResourceTranslator.Test.csproj", "{6429E0E2-3689-4C4E-A84E-13C731688397}"
EndProject
Global
	GlobalSection(SolutionConfigurationPlatforms) = preSolution
		Debug|Any CPU = Debug|Any CPU
		Release|Any CPU = Release|Any CPU
	EndGlobalSection
	GlobalSection(ProjectConfigurationPlatforms) = postSolution
		{6F6A196A-775A-48D4-BFD6-149E0D6B99AA}.Debug|Any CPU.ActiveCfg = Debug|Any CPU
		{6F6A196A-775A-48D4-BFD6-149E0D6B99AA}.Debug|Any CPU.Build.0 = Debug|Any CPU
		{6F6A196A-775A-48D4-BFD6-149E0D6B99AA}.Release|Any CPU.ActiveCfg = Release|Any CPU
		{6F6A196A-775A-48D4-BFD6-149E0D6B99AA}.Release|Any CPU.Build.0 = Release|Any CPU
		{6429E0E2-3689-4C4E-A84E-13C731688397}.Debug|Any CPU.ActiveCfg = Debug|Any CPU
		{6429E0E2-3689-4C4E-A84E-13C731688397}.Debug|Any CPU.Build.0 = Debug|Any CPU
		{6429E0E2-3689-4C4E-A84E-13C731688397}.Release|Any CPU.ActiveCfg = Release|Any CPU
		{6429E0E2-3689-4C4E-A84E-13C731688397}.Release|Any CPU.Build.0 = Release|Any CPU
	EndGlobalSection
	GlobalSection(SolutionProperties) = preSolution
		HideSolutionNode = FALSE
	EndGlobalSection
	GlobalSection(ExtensibilityGlobals) = postSolution
		SolutionGuid = {3E59FE63-2BB5-4F1E-A3C0-B4BE16303F27}
	EndGlobalSection
EndGlobal
